
Microsoft Visual Studio Solution File, Format Version 12.00
# Visual Studio Version 16
VisualStudioVersion = 16.0.32510.428
MinimumVisualStudioVersion = 10.0.40219.1
Project("{FAE04EC0-301F-11D3-BF4B-00C04F79EFBC}") = "cachingDemo", "cachingDemo\cachingDemo.csproj", "{C8944124-90B8-4DFF-9ECA-FBFA0C9BDB23}"
EndProject
Global
	GlobalSection(SolutionConfigurationPlatforms) = preSolution
		Debug|Any CPU = Debug|Any CPU
		Release|Any CPU = Release|Any CPU
	EndGlobalSection
	GlobalSection(ProjectConfigurationPlatforms) = postSolution
		{C8944124-90B8-4DFF-9ECA-FBFA0C9BDB23}.Debug|Any CPU.ActiveCfg = Debug|Any CPU
		{C8944124-90B8-4DFF-9ECA-FBFA0C9BDB23}.Debug|Any CPU.Build.0 = Debug|Any CPU
		{C8944124-90B8-4DFF-9ECA-FBFA0C9BDB23}.Release|Any CPU.ActiveCfg = Release|Any CPU
		{C8944124-90B8-4DFF-9ECA-FBFA0C9BDB23}.Release|Any CPU.Build.0 = Release|Any CPU
	EndGlobalSection
	GlobalSection(SolutionProperties) = preSolution
		HideSolutionNode = FALSE
	EndGlobalSection
	GlobalSection(ExtensibilityGlobals) = postSolution
		SolutionGuid = {CE1E63AF-341E-4E7D-AC6F-CD95A5324782}
	EndGlobalSection
EndGlobal
